Microsoft Visual Studio Solution File, Format Version 12.00
# Visual Studio Version 16
VisualStudioVersion = 16.0.0.0
MinimumVisualStudioVersion = 16.0.0.0
Project("{9A19103F-16F7-4668-BE54-9A1E7A4F7556}") = "FlappyBlazorBird.BlazorHosted", "FlappyBlazorBird.BlazorHosted\FlappyBlazorBird.BlazorHosted.csproj", "{6622CF94-2FDE-4C6F-821B-F8FEAA8396BD}"
EndProject
Project("{9A19103F-16F7-4668-BE54-9A1E7A4F7556}") = "FlappyBlazorBird.Client", "FlappyBlazorBird.Client\FlappyBlazorBird.Client.csproj", "{A8035FF7-2A0D-42BE-BF4A-EFEEAF1E640B}"
EndProject
Project("{FAE04EC0-301F-11D3-BF4B-00C04F79EFBC}") = "FlappyBlazorBird.BlazorServer", "FlappyBlazorBird.BlazorServer\FlappyBlazorBird.BlazorServer.csproj", "{1B90233F-9296-428D-9A4C-5A6588F3ADF6}"
EndProject
Global
	GlobalSection(SolutionConfigurationPlatforms) = preSolution
		Debug|Any CPU = Debug|Any CPU
		Debug|x64 = Debug|x64
		Debug|x86 = Debug|x86
		Release|Any CPU = Release|Any CPU
		Release|x64 = Release|x64
		Release|x86 = Release|x86
	EndGlobalSection
	GlobalSection(ProjectConfigurationPlatforms) = postSolution
		{A8035FF7-2A0D-42BE-BF4A-EFEEAF1E640B}.Debug|Any CPU.ActiveCfg = Debug|Any CPU
		{A8035FF7-2A0D-42BE-BF4A-EFEEAF1E640B}.Debug|Any CPU.Build.0 = Debug|Any CPU
		{A8035FF7-2A0D-42BE-BF4A-EFEEAF1E640B}.Debug|x64.ActiveCfg = Debug|Any CPU
		{A8035FF7-2A0D-42BE-BF4A-EFEEAF1E640B}.Debug|x64.Build.0 = Debug|Any CPU
		{A8035FF7-2A0D-42BE-BF4A-EFEEAF1E640B}.Debug|x86.ActiveCfg = Debug|Any CPU
		{A8035FF7-2A0D-42BE-BF4A-EFEEAF1E640B}.Debug|x86.Build.0 = Debug|Any CPU
		{A8035FF7-2A0D-42BE-BF4A-EFEEAF1E640B}.Release|Any CPU.ActiveCfg = Release|Any CPU
		{A8035FF7-2A0D-42BE-BF4A-EFEEAF1E640B}.Release|Any CPU.Build.0 = Release|Any CPU
		{A8035FF7-2A0D-42BE-BF4A-EFEEAF1E640B}.Release|x64.ActiveCfg = Release|Any CPU
		{A8035FF7-2A0D-42BE-BF4A-EFEEAF1E640B}.Release|x64.Build.0 = Release|Any CPU
		{A8035FF7-2A0D-42BE-BF4A-EFEEAF1E640B}.Release|x86.ActiveCfg = Release|Any CPU
		{A8035FF7-2A0D-42BE-BF4A-EFEEAF1E640B}.Release|x86.Build.0 = Release|Any CPU
		{6622CF94-2FDE-4C6F-821B-F8FEAA8396BD}.Debug|Any CPU.ActiveCfg = Debug|Any CPU
		{6622CF94-2FDE-4C6F-821B-F8FEAA8396BD}.Debug|Any CPU.Build.0 = Debug|Any CPU
		{6622CF94-2FDE-4C6F-821B-F8FEAA8396BD}.Debug|x64.ActiveCfg = Debug|Any CPU
		{6622CF94-2FDE-4C6F-821B-F8FEAA8396BD}.Debug|x64.Build.0 = Debug|Any CPU
		{6622CF94-2FDE-4C6F-821B-F8FEAA8396BD}.Debug|x86.ActiveCfg = Debug|Any CPU
		{6622CF94-2FDE-4C6F-821B-F8FEAA8396BD}.Debug|x86.Build.0 = Debug|Any CPU
		{6622CF94-2FDE-4C6F-821B-F8FEAA8396BD}.Release|Any CPU.ActiveCfg = Release|Any CPU
		{6622CF94-2FDE-4C6F-821B-F8FEAA8396BD}.Release|Any CPU.Build.0 = Release|Any CPU
		{6622CF94-2FDE-4C6F-821B-F8FEAA8396BD}.Release|x64.ActiveCfg = Release|Any CPU
		{6622CF94-2FDE-4C6F-821B-F8FEAA8396BD}.Release|x64.Build.0 = Release|Any CPU
		{6622CF94-2FDE-4C6F-821B-F8FEAA8396BD}.Release|x86.ActiveCfg = Release|Any CPU
		{6622CF94-2FDE-4C6F-821B-F8FEAA8396BD}.Release|x86.Build.0 = Release|Any CPU
		{1B90233F-9296-428D-9A4C-5A6588F3ADF6}.Debug|Any CPU.ActiveCfg = Debug|Any CPU
		{1B90233F-9296-428D-9A4C-5A6588F3ADF6}.Debug|Any CPU.Build.0 = Debug|Any CPU
		{1B90233F-9296-428D-9A4C-5A6588F3ADF6}.Debug|x64.ActiveCfg = Debug|Any CPU
		{1B90233F-9296-428D-9A4C-5A6588F3ADF6}.Debug|x64.Build.0 = Debug|Any CPU
		{1B90233F-9296-428D-9A4C-5A6588F3ADF6}.Debug|x86.ActiveCfg = Debug|Any CPU
		{1B90233F-9296-428D-9A4C-5A6588F3ADF6}.Debug|x86.Build.0 = Debug|Any CPU
		{1B90233F-9296-428D-9A4C-5A6588F3ADF6}.Release|Any CPU.ActiveCfg = Release|Any CPU
		{1B90233F-9296-428D-9A4C-5A6588F3ADF6}.Release|Any CPU.Build.0 = Release|Any CPU
		{1B90233F-9296-428D-9A4C-5A6588F3ADF6}.Release|x64.ActiveCfg = Release|Any CPU
		{1B90233F-9296-428D-9A4C-5A6588F3ADF6}.Release|x64.Build.0 = Release|Any CPU
		{1B90233F-9296-428D-9A4C-5A6588F3ADF6}.Release|x86.ActiveCfg = Release|Any CPU
		{1B90233F-9296-428D-9A4C-5A6588F3ADF6}.Release|x86.Build.0 = Release|Any CPU
	EndGlobalSection
	GlobalSection(SolutionProperties) = preSolution
		HideSolutionNode = FALSE
	EndGlobalSection
	GlobalSection(ExtensibilityGlobals) = postSolution
		SolutionGuid = {39AB93DD-9AF2-41ED-BC2B-F155B3CFFB28}
	EndGlobalSection
EndGlobal
